
Microsoft Visual Studio Solution File, Format Version 12.00
# Visual Studio Version 17
VisualStudioVersion = 17.8.34525.116
MinimumVisualStudioVersion = 10.0.40219.1
Project("{FAE04EC0-301F-11D3-BF4B-00C04F79EFBC}") = "InternalCRM.Server", "InternalCRM.Server\InternalCRM.Server.csproj", "{A9AFD39A-3A5A-416E-B168-507BC5B16577}"
EndProject
Project("{54A90642-561A-4BB1-A94E-469ADEE60C69}") = "internalcrm.client", "internalcrm.client\internalcrm.client.esproj", "{F04A983A-1D54-4454-ACCE-4965C60B0BDE}"
EndProject
Global
	GlobalSection(SolutionConfigurationPlatforms) = preSolution
		Debug|Any CPU = Debug|Any CPU
		Release|Any CPU = Release|Any CPU
	EndGlobalSection
	GlobalSection(ProjectConfigurationPlatforms) = postSolution
		{A9AFD39A-3A5A-416E-B168-507BC5B16577}.Debug|Any CPU.ActiveCfg = Debug|Any CPU
		{A9AFD39A-3A5A-416E-B168-507BC5B16577}.Debug|Any CPU.Build.0 = Debug|Any CPU
		{A9AFD39A-3A5A-416E-B168-507BC5B16577}.Release|Any CPU.ActiveCfg = Release|Any CPU
		{A9AFD39A-3A5A-416E-B168-507BC5B16577}.Release|Any CPU.Build.0 = Release|Any CPU
		{F04A983A-1D54-4454-ACCE-4965C60B0BDE}.Debug|Any CPU.ActiveCfg = Debug|Any CPU
		{F04A983A-1D54-4454-ACCE-4965C60B0BDE}.Debug|Any CPU.Build.0 = Debug|Any CPU
		{F04A983A-1D54-4454-ACCE-4965C60B0BDE}.Debug|Any CPU.Deploy.0 = Debug|Any CPU
		{F04A983A-1D54-4454-ACCE-4965C60B0BDE}.Release|Any CPU.ActiveCfg = Release|Any CPU
		{F04A983A-1D54-4454-ACCE-4965C60B0BDE}.Release|Any CPU.Build.0 = Release|Any CPU
		{F04A983A-1D54-4454-ACCE-4965C60B0BDE}.Release|Any CPU.Deploy.0 = Release|Any CPU
	EndGlobalSection
	GlobalSection(SolutionProperties) = preSolution
		HideSolutionNode = FALSE
	EndGlobalSection
	GlobalSection(ExtensibilityGlobals) = postSolution
		SolutionGuid = {455D4900-11E7-4497-AE4C-238C1D8BADBA}
	EndGlobalSection
EndGlobal
